{
  "name": "source-map-support",
  "version": "0.5.16",
  "lockfileVersion": 1,
  "requires": true,
  "dependencies": {
    "@types/node": {
      "version": "12.12.14",
      "resolved": "https://registry.npmjs.org/@types/node/-/node-12.12.14.tgz",
      "integrity": "sha512-u/SJDyXwuihpwjXy7hOOghagLEV1KdAST6syfnOk6QZAMzZuWZqXy5aYYZbh8Jdpd4escVFP0MvftHNDb9pruA==",
      "dev": true
    },
    "unionize": {
      "version": "3.0.2",
      "resolved": "https://registry.npmjs.org/unionize/-/unionize-3.0.2.tgz",
      "integrity": "sha512-sLc/42zpKCqJ3YAGmap6k8axrnnLwiDN+Nb5s1jz0LgR3Jz/n0X2C8RBVflpFt/V6h/BzqaCM2hZSFoieXX/VA=="
    }
  }
}
